
Microsoft Visual Studio Solution File, Format Version 12.00
# Visual Studio 15
VisualStudioVersion = 15.0.27130.2010
MinimumVisualStudioVersion = 10.0.40219.1
Project("{FAE04EC0-301F-11D3-BF4B-00C04F79EFBC}") = "XxmsApp.Android", "XxmsApp\XxmsApp.Android\XxmsApp.Android.csproj", "{D7F8A0EE-C1DB-4C40-B143-B40088325189}"
EndProject
Project("{FAE04EC0-301F-11D3-BF4B-00C04F79EFBC}") = "XxmsApp.iOS", "XxmsApp\XxmsApp.iOS\XxmsApp.iOS.csproj", "{8B7FEA29-0F45-4C13-B217-1C8C77725C45}"
EndProject
Project("{FAE04EC0-301F-11D3-BF4B-00C04F79EFBC}") = "XxmsApp", "XxmsApp\XxmsApp\XxmsApp.csproj", "{A6439266-C6B1-4B0B-B8EB-C91A5DAC8949}"
EndProject
Global
	GlobalSection(SolutionConfigurationPlatforms) = preSolution
		Ad-Hoc|Any CPU = Ad-Hoc|Any CPU
		Ad-Hoc|iPhone = Ad-Hoc|iPhone
		Ad-Hoc|iPhoneSimulator = Ad-Hoc|iPhoneSimulator
		AppStore|Any CPU = AppStore|Any CPU
		AppStore|iPhone = AppStore|iPhone
		AppStore|iPhoneSimulator = AppStore|iPhoneSimulator
		Debug|Any CPU = Debug|Any CPU
		Debug|iPhone = Debug|iPhone
		Debug|iPhoneSimulator = Debug|iPhoneSimulator
		Release|Any CPU = Release|Any CPU
		Release|iPhone = Release|iPhone
		Release|iPhoneSimulator = Release|iPhoneSimulator
	EndGlobalSection
	GlobalSection(ProjectConfigurationPlatforms) = postSolution
		{D7F8A0EE-C1DB-4C40-B143-B40088325189}.Ad-Hoc|Any CPU.ActiveCfg = Release|Any CPU
		{D7F8A0EE-C1DB-4C40-B143-B40088325189}.Ad-Hoc|Any CPU.Build.0 = Release|Any CPU
		{D7F8A0EE-C1DB-4C40-B143-B40088325189}.Ad-Hoc|Any CPU.Deploy.0 = Release|Any CPU
		{D7F8A0EE-C1DB-4C40-B143-B40088325189}.Ad-Hoc|iPhone.ActiveCfg = Release|Any CPU
		{D7F8A0EE-C1DB-4C40-B143-B40088325189}.Ad-Hoc|iPhone.Build.0 = Release|Any CPU
		{D7F8A0EE-C1DB-4C40-B143-B40088325189}.Ad-Hoc|iPhone.Deploy.0 = Release|Any CPU
		{D7F8A0EE-C1DB-4C40-B143-B40088325189}.Ad-Hoc|iPhoneSimulator.ActiveCfg = Release|Any CPU
		{D7F8A0EE-C1DB-4C40-B143-B40088325189}.Ad-Hoc|iPhoneSimulator.Build.0 = Release|Any CPU
		{D7F8A0EE-C1DB-4C40-B143-B40088325189}.Ad-Hoc|iPhoneSimulator.Deploy.0 = Release|Any CPU
		{D7F8A0EE-C1DB-4C40-B143-B40088325189}.AppStore|Any CPU.ActiveCfg = Release|Any CPU
		{D7F8A0EE-C1DB-4C40-B143-B40088325189}.AppStore|Any CPU.Build.0 = Release|Any CPU
		{D7F8A0EE-C1DB-4C40-B143-B40088325189}.AppStore|Any CPU.Deploy.0 = Release|Any CPU
		{D7F8A0EE-C1DB-4C40-B143-B40088325189}.AppStore|iPhone.ActiveCfg = Release|Any CPU
		{D7F8A0EE-C1DB-4C40-B143-B40088325189}.AppStore|iPhone.Build.0 = Release|Any CPU
		{D7F8A0EE-C1DB-4C40-B143-B40088325189}.AppStore|iPhone.Deploy.0 = Release|Any CPU
		{D7F8A0EE-C1DB-4C40-B143-B40088325189}.AppStore|iPhoneSimulator.ActiveCfg = Release|Any CPU
		{D7F8A0EE-C1DB-4C40-B143-B40088325189}.AppStore|iPhoneSimulator.Build.0 = Release|Any CPU
		{D7F8A0EE-C1DB-4C40-B143-B40088325189}.AppStore|iPhoneSimulator.Deploy.0 = Release|Any CPU
		{D7F8A0EE-C1DB-4C40-B143-B40088325189}.Debug|Any CPU.ActiveCfg = Debug|Any CPU
		{D7F8A0EE-C1DB-4C40-B143-B40088325189}.Debug|Any CPU.Build.0 = Debug|Any CPU
		{D7F8A0EE-C1DB-4C40-B143-B40088325189}.Debug|Any CPU.Deploy.0 = Debug|Any CPU
		{D7F8A0EE-C1DB-4C40-B143-B40088325189}.Debug|iPhone.ActiveCfg = Debug|Any CPU
		{D7F8A0EE-C1DB-4C40-B143-B40088325189}.Debug|iPhone.Build.0 = Debug|Any CPU
		{D7F8A0EE-C1DB-4C40-B143-B40088325189}.Debug|iPhone.Deploy.0 = Debug|Any CPU
		{D7F8A0EE-C1DB-4C40-B143-B40088325189}.Debug|iPhoneSimulator.ActiveCfg = Debug|Any CPU
		{D7F8A0EE-C1DB-4C40-B143-B40088325189}.Debug|iPhoneSimulator.Build.0 = Debug|Any CPU
		{D7F8A0EE-C1DB-4C40-B143-B40088325189}.Debug|iPhoneSimulator.Deploy.0 = Debug|Any CPU
		{D7F8A0EE-C1DB-4C40-B143-B40088325189}.Release|Any CPU.ActiveCfg = Release|Any CPU
		{D7F8A0EE-C1DB-4C40-B143-B40088325189}.Release|Any CPU.Build.0 = Release|Any CPU
		{D7F8A0EE-C1DB-4C40-B143-B40088325189}.Release|Any CPU.Deploy.0 = Release|Any CPU
		{D7F8A0EE-C1DB-4C40-B143-B40088325189}.Release|iPhone.ActiveCfg = Release|Any CPU
		{D7F8A0EE-C1DB-4C40-B143-B40088325189}.Release|iPhone.Build.0 = Release|Any CPU
		{D7F8A0EE-C1DB-4C40-B143-B40088325189}.Release|iPhone.Deploy.0 = Release|Any CPU
		{D7F8A0EE-C1DB-4C40-B143-B40088325189}.Release|iPhoneSimulator.ActiveCfg = Release|Any CPU
		{D7F8A0EE-C1DB-4C40-B143-B40088325189}.Release|iPhoneSimulator.Build.0 = Release|Any CPU
		{D7F8A0EE-C1DB-4C40-B143-B40088325189}.Release|iPhoneSimulator.Deploy.0 = Release|Any CPU
		{8B7FEA29-0F45-4C13-B217-1C8C77725C45}.Ad-Hoc|Any CPU.ActiveCfg = Ad-Hoc|iPhone
		{8B7FEA29-0F45-4C13-B217-1C8C77725C45}.Ad-Hoc|iPhone.ActiveCfg = Ad-Hoc|iPhone
		{8B7FEA29-0F45-4C13-B217-1C8C77725C45}.Ad-Hoc|iPhone.Build.0 = Ad-Hoc|iPhone
		{8B7FEA29-0F45-4C13-B217-1C8C77725C45}.Ad-Hoc|iPhoneSimulator.ActiveCfg = Ad-Hoc|iPhoneSimulator
		{8B7FEA29-0F45-4C13-B217-1C8C77725C45}.Ad-Hoc|iPhoneSimulator.Build.0 = Ad-Hoc|iPhoneSimulator
		{8B7FEA29-0F45-4C13-B217-1C8C77725C45}.AppStore|Any CPU.ActiveCfg = AppStore|iPhone
		{8B7FEA29-0F45-4C13-B217-1C8C77725C45}.AppStore|iPhone.ActiveCfg = AppStore|iPhone
		{8B7FEA29-0F45-4C13-B217-1C8C77725C45}.AppStore|iPhone.Build.0 = AppStore|iPhone
		{8B7FEA29-0F45-4C13-B217-1C8C77725C45}.AppStore|iPhoneSimulator.ActiveCfg = AppStore|iPhoneSimulator
		{8B7FEA29-0F45-4C13-B217-1C8C77725C45}.AppStore|iPhoneSimulator.Build.0 = AppStore|iPhoneSimulator
		{8B7FEA29-0F45-4C13-B217-1C8C77725C45}.Debug|Any CPU.ActiveCfg = Debug|iPhone
		{8B7FEA29-0F45-4C13-B217-1C8C77725C45}.Debug|iPhone.ActiveCfg = Debug|iPhone
		{8B7FEA29-0F45-4C13-B217-1C8C77725C45}.Debug|iPhone.Build.0 = Debug|iPhone
		{8B7FEA29-0F45-4C13-B217-1C8C77725C45}.Debug|iPhoneSimulator.ActiveCfg = Debug|iPhoneSimulator
		{8B7FEA29-0F45-4C13-B217-1C8C77725C45}.Debug|iPhoneSimulator.Build.0 = Debug|iPhoneSimulator
		{8B7FEA29-0F45-4C13-B217-1C8C77725C45}.Release|Any CPU.ActiveCfg = Release|iPhone
		{8B7FEA29-0F45-4C13-B217-1C8C77725C45}.Release|iPhone.ActiveCfg = Release|iPhone
		{8B7FEA29-0F45-4C13-B217-1C8C77725C45}.Release|iPhone.Build.0 = Release|iPhone
		{8B7FEA29-0F45-4C13-B217-1C8C77725C45}.Release|iPhoneSimulator.ActiveCfg = Release|iPhoneSimulator
		{8B7FEA29-0F45-4C13-B217-1C8C77725C45}.Release|iPhoneSimulator.Build.0 = Release|iPhoneSimulator
		{A6439266-C6B1-4B0B-B8EB-C91A5DAC8949}.Ad-Hoc|Any CPU.ActiveCfg = Debug|Any CPU
		{A6439266-C6B1-4B0B-B8EB-C91A5DAC8949}.Ad-Hoc|Any CPU.Build.0 = Debug|Any CPU
		{A6439266-C6B1-4B0B-B8EB-C91A5DAC8949}.Ad-Hoc|iPhone.ActiveCfg = Debug|Any CPU
		{A6439266-C6B1-4B0B-B8EB-C91A5DAC8949}.Ad-Hoc|iPhone.Build.0 = Debug|Any CPU
		{A6439266-C6B1-4B0B-B8EB-C91A5DAC8949}.Ad-Hoc|iPhoneSimulator.ActiveCfg = Debug|Any CPU
		{A6439266-C6B1-4B0B-B8EB-C91A5DAC8949}.Ad-Hoc|iPhoneSimulator.Build.0 = Debug|Any CPU
		{A6439266-C6B1-4B0B-B8EB-C91A5DAC8949}.AppStore|Any CPU.ActiveCfg = Debug|Any CPU
		{A6439266-C6B1-4B0B-B8EB-C91A5DAC8949}.AppStore|Any CPU.Build.0 = Debug|Any CPU
		{A6439266-C6B1-4B0B-B8EB-C91A5DAC8949}.AppStore|iPhone.ActiveCfg = Debug|Any CPU
		{A6439266-C6B1-4B0B-B8EB-C91A5DAC8949}.AppStore|iPhone.Build.0 = Debug|Any CPU
		{A6439266-C6B1-4B0B-B8EB-C91A5DAC8949}.AppStore|iPhoneSimulator.ActiveCfg = Debug|Any CPU
		{A6439266-C6B1-4B0B-B8EB-C91A5DAC8949}.AppStore|iPhoneSimulator.Build.0 = Debug|Any CPU
		{A6439266-C6B1-4B0B-B8EB-C91A5DAC8949}.Debug|Any CPU.ActiveCfg = Debug|Any CPU
		{A6439266-C6B1-4B0B-B8EB-C91A5DAC8949}.Debug|Any CPU.Build.0 = Debug|Any CPU
		{A6439266-C6B1-4B0B-B8EB-C91A5DAC8949}.Debug|iPhone.ActiveCfg = Debug|Any CPU
		{A6439266-C6B1-4B0B-B8EB-C91A5DAC8949}.Debug|iPhone.Build.0 = Debug|Any CPU
		{A6439266-C6B1-4B0B-B8EB-C91A5DAC8949}.Debug|iPhoneSimulator.ActiveCfg = Debug|Any CPU
		{A6439266-C6B1-4B0B-B8EB-C91A5DAC8949}.Debug|iPhoneSimulator.Build.0 = Debug|Any CPU
		{A6439266-C6B1-4B0B-B8EB-C91A5DAC8949}.Release|Any CPU.ActiveCfg = Release|Any CPU
		{A6439266-C6B1-4B0B-B8EB-C91A5DAC8949}.Release|Any CPU.Build.0 = Release|Any CPU
		{A6439266-C6B1-4B0B-B8EB-C91A5DAC8949}.Release|iPhone.ActiveCfg = Release|Any CPU
		{A6439266-C6B1-4B0B-B8EB-C91A5DAC8949}.Release|iPhone.Build.0 = Release|Any CPU
		{A6439266-C6B1-4B0B-B8EB-C91A5DAC8949}.Release|iPhoneSimulator.ActiveCfg = Release|Any CPU
		{A6439266-C6B1-4B0B-B8EB-C91A5DAC8949}.Release|iPhoneSimulator.Build.0 = Release|Any CPU
	EndGlobalSection
	GlobalSection(SolutionProperties) = preSolution
		HideSolutionNode = FALSE
	EndGlobalSection
	GlobalSection(ExtensibilityGlobals) = postSolution
		SolutionGuid = {918CB22B-8FA6-456A-9317-DC7709CFB5F8}
	EndGlobalSection
EndGlobal
